github.com/dyaksa/go-say-hello v1.0.0 h1:jUVtfEr3/a9Gc7hR6yiEaiFEBqnumOiMvz7A6NGYTp0=
github.com/dyaksa/go-say-hello v1.0.0/go.mod h1:lhp3awK8c417MT9z8mUpAURFbW/OiV2o2KVNyDBud08=
github.com/dyaksa/go-say-hello v1.0.1 h1:ReyAsGjqnLVpI+dTx2Dj8ar7xCx8/b+rnnfZ+inHxvs=
github.com/dyaksa/go-say-hello v1.0.1/go.mod h1:lhp3awK8c417MT9z8mUpAURFbW/OiV2o2KVNyDBud08=
